
Microsoft Visual Studio Solution File, Format Version 12.00
# Visual Studio Version 17
VisualStudioVersion = 17.10.34916.146
MinimumVisualStudioVersion = 10.0.40219.1
Project("{9A19103F-16F7-4668-BE54-9A1E7A4F7556}") = "OwlCards", "Hibou\OwlCards.csproj", "{C05721AE-6217-4535-BF38-C9BD63FF5806}"
EndProject
Global
	GlobalSection(SolutionConfigurationPlatforms) = preSolution
		Debug|Any CPU = Debug|Any CPU
		Release|Any CPU = Release|Any CPU
	EndGlobalSection
	GlobalSection(ProjectConfigurationPlatforms) = postSolution
		{C05721AE-6217-4535-BF38-C9BD63FF5806}.Debug|Any CPU.ActiveCfg = Debug|Any CPU
		{C05721AE-6217-4535-BF38-C9BD63FF5806}.Debug|Any CPU.Build.0 = Debug|Any CPU
		{C05721AE-6217-4535-BF38-C9BD63FF5806}.Release|Any CPU.ActiveCfg = Release|Any CPU
		{C05721AE-6217-4535-BF38-C9BD63FF5806}.Release|Any CPU.Build.0 = Release|Any CPU
	EndGlobalSection
	GlobalSection(SolutionProperties) = preSolution
		HideSolutionNode = FALSE
	EndGlobalSection
	GlobalSection(ExtensibilityGlobals) = postSolution
		SolutionGuid = {CBA5F7E2-E309-46E6-B827-29BAAB23F55D}
	EndGlobalSection
EndGlobal
